// !$*UTF8*$!
{
	archiveVersion = 1;
	classes = {
	};
	objectVersion = 56;
	objects = {

/* Begin PBXBuildFile section */
		571815E52F2D85E172CC1328 /* Pods_MovieDatabaseApp_MovieDatabaseAppUITests.framework in Frameworks */ = {isa = PBXBuildFile; fileRef = 0DB87C6B54CC4C03C0B9769B /* Pods_MovieDatabaseApp_MovieDatabaseAppUITests.framework */; };
		8BBE19952C2E7DED00DF4142 /* AppDelegate.swift in Sources */ = {isa = PBXBuildFile; fileRef = 8BBE19942C2E7DED00DF4142 /* AppDelegate.swift */; };
		8BBE19972C2E7DED00DF4142 /* SceneDelegate.swift in Sources */ = {isa = PBXBuildFile; fileRef = 8BBE19962C2E7DED00DF4142 /* SceneDelegate.swift */; };
		8BBE19992C2E7DED00DF4142 /* ViewController.swift in Sources */ = {isa = PBXBuildFile; fileRef = 8BBE19982C2E7DED00DF4142 /* ViewController.swift */; };
		8BBE199C2C2E7DED00DF4142 /* Main.storyboard in Resources */ = {isa = PBXBuildFile; fileRef = 8BBE199A2C2E7DED00DF4142 /* Main.storyboard */; };
		8BBE199E2C2E7DEE00DF4142 /* Assets.xcassets in Resources */ = {isa = PBXBuildFile; fileRef = 8BBE199D2C2E7DEE00DF4142 /* Assets.xcassets */; };
		8BBE19A12C2E7DEE00DF4142 /* LaunchScreen.storyboard in Resources */ = {isa = PBXBuildFile; fileRef = 8BBE199F2C2E7DEE00DF4142 /* LaunchScreen.storyboard */; };
		8BBE19AC2C2E7DEE00DF4142 /* MovieDatabaseAppTests.swift in Sources */ = {isa = PBXBuildFile; fileRef = 8BBE19AB2C2E7DEE00DF4142 /* MovieDatabaseAppTests.swift */; };
		8BBE19B62C2E7DEE00DF4142 /* MovieDatabaseAppUITests.swift in Sources */ = {isa = PBXBuildFile; fileRef = 8BBE19B52C2E7DEE00DF4142 /* MovieDatabaseAppUITests.swift */; };
		8BBE19B82C2E7DEE00DF4142 /* MovieDatabaseAppUITestsLaunchTests.swift in Sources */ = {isa = PBXBuildFile; fileRef = 8BBE19B72C2E7DEE00DF4142 /* MovieDatabaseAppUITestsLaunchTests.swift */; };
		8BBE19C62C2E815800DF4142 /* movies.json in Resources */ = {isa = PBXBuildFile; fileRef = 8BBE19C42C2E7E0100DF4142 /* movies.json */; };
		8BBE19E42C31942300DF4142 /* MovieItem.swift in Sources */ = {isa = PBXBuildFile; fileRef = 8BBE19E32C31942300DF4142 /* MovieItem.swift */; };
		8BBE19F32C31C38D00DF4142 /* NormalTableViewCell.swift in Sources */ = {isa = PBXBuildFile; fileRef = 8BBE19F12C31C38D00DF4142 /* NormalTableViewCell.swift */; };
		8BBE19F42C31C38D00DF4142 /* NormalTableViewCell.xib in Resources */ = {isa = PBXBuildFile; fileRef = 8BBE19F22C31C38D00DF4142 /* NormalTableViewCell.xib */; };
		8BBE19F72C31C3BC00DF4142 /* MovieItemTableViewCell.swift in Sources */ = {isa = PBXBuildFile; fileRef = 8BBE19F52C31C3BC00DF4142 /* MovieItemTableViewCell.swift */; };
		8BBE19F82C31C3BC00DF4142 /* MovieItemTableViewCell.xib in Resources */ = {isa = PBXBuildFile; fileRef = 8BBE19F62C31C3BC00DF4142 /* MovieItemTableViewCell.xib */; };
		8BBE19FB2C32730F00DF4142 /* DetailTableViewCell.swift in Sources */ = {isa = PBXBuildFile; fileRef = 8BBE19F92C32730F00DF4142 /* DetailTableViewCell.swift */; };
		8BBE19FC2C32730F00DF4142 /* DetailTableViewCell.xib in Resources */ = {isa = PBXBuildFile; fileRef = 8BBE19FA2C32730F00DF4142 /* DetailTableViewCell.xib */; };
		8BBE19FE2C32812700DF4142 /* DetailViewController.swift in Sources */ = {isa = PBXBuildFile; fileRef = 8BBE19FD2C32812700DF4142 /* DetailViewController.swift */; };
		97AF52C6F6D898C1FF491D5D /* Pods_MovieDatabaseApp.framework in Frameworks */ = {isa = PBXBuildFile; fileRef = DECE66B7CDBA3DBF5A16DE64 /* Pods_MovieDatabaseApp.framework */; };
		AE2831B27E87DBAFEF91E2E7 /* Pods_MovieDatabaseAppTests.framework in Frameworks */ = {isa = PBXBuildFile; fileRef = 41F0FCD11220ADAF36C00DA0 /* Pods_MovieDatabaseAppTests.framework */; };
/* End PBXBuildFile section */

/* Begin PBXContainerItemProxy section */
		8BBE19A82C2E7DEE00DF4142 /* PBXContainerItemProxy */ = {
			isa = PBXContainerItemProxy;
			containerPortal = 8BBE19892C2E7DED00DF4142 /* Project object */;
			proxyType = 1;
			remoteGlobalIDString = 8BBE19902C2E7DED00DF4142;
			remoteInfo = MovieDatabaseApp;
		};
		8BBE19B22C2E7DEE00DF4142 /* PBXContainerItemProxy */ = {
			isa = PBXContainerItemProxy;
			containerPortal = 8BBE19892C2E7DED00DF4142 /* Project object */;
			proxyType = 1;
			remoteGlobalIDString = 8BBE19902C2E7DED00DF4142;
			remoteInfo = MovieDatabaseApp;
		};
/* End PBXContainerItemProxy section */

/* Begin PBXFileReference section */
		0394557C3A2CB08DFF891B8F /* Pods-MovieDatabaseAppTests.debug.xcconfig */ = {isa = PBXFileReference; includeInIndex = 1; lastKnownFileType = text.xcconfig; name = "Pods-MovieDatabaseAppTests.debug.xcconfig"; path = "Target Support Files/Pods-MovieDatabaseAppTests/Pods-MovieDatabaseAppTests.debug.xcconfig"; sourceTree = "<group>"; };
		0DB87C6B54CC4C03C0B9769B /* Pods_MovieDatabaseApp_MovieDatabaseAppUITests.framework */ = {isa = PBXFileReference; explicitFileType = wrapper.framework; includeInIndex = 0; path = Pods_MovieDatabaseApp_MovieDatabaseAppUITests.framework; sourceTree = BUILT_PRODUCTS_DIR; };
		41F0FCD11220ADAF36C00DA0 /* Pods_MovieDatabaseAppTests.framework */ = {isa = PBXFileReference; explicitFileType = wrapper.framework; includeInIndex = 0; path = Pods_MovieDatabaseAppTests.framework; sourceTree = BUILT_PRODUCTS_DIR; };
		5107036C70C0E8A3DA3A4B4D /* Pods-MovieDatabaseApp.release.xcconfig */ = {isa = PBXFileReference; includeInIndex = 1; lastKnownFileType = text.xcconfig; name = "Pods-MovieDatabaseApp.release.xcconfig"; path = "Target Support Files/Pods-MovieDatabaseApp/Pods-MovieDatabaseApp.release.xcconfig"; sourceTree = "<group>"; };
		59D2E3C431A2485F4892B3FB /* Pods-MovieDatabaseApp.debug.xcconfig */ = {isa = PBXFileReference; includeInIndex = 1; lastKnownFileType = text.xcconfig; name = "Pods-MovieDatabaseApp.debug.xcconfig"; path = "Target Support Files/Pods-MovieDatabaseApp/Pods-MovieDatabaseApp.debug.xcconfig"; sourceTree = "<group>"; };
		8BBE19912C2E7DED00DF4142 /* MovieDatabaseApp.app */ = {isa = PBXFileReference; explicitFileType = wrapper.application; includeInIndex = 0; path = MovieDatabaseApp.app; sourceTree = BUILT_PRODUCTS_DIR; };
		8BBE19942C2E7DED00DF4142 /* AppDelegate.swift */ = {isa = PBXFileReference; lastKnownFileType = sourcecode.swift; path = AppDelegate.swift; sourceTree = "<group>"; };
		8BBE19962C2E7DED00DF4142 /* SceneDelegate.swift */ = {isa = PBXFileReference; lastKnownFileType = sourcecode.swift; path = SceneDelegate.swift; sourceTree = "<group>"; };
		8BBE19982C2E7DED00DF4142 /* ViewController.swift */ = {isa = PBXFileReference; lastKnownFileType = sourcecode.swift; path = ViewController.swift; sourceTree = "<group>"; };
		8BBE199B2C2E7DED00DF4142 /* Base */ = {isa = PBXFileReference; lastKnownFileType = file.storyboard; name = Base; path = Base.lproj/Main.storyboard; sourceTree = "<group>"; };
		8BBE199D2C2E7DEE00DF4142 /* Assets.xcassets */ = {isa = PBXFileReference; lastKnownFileType = folder.assetcatalog; path = Assets.xcassets; sourceTree = "<group>"; };
		8BBE19A02C2E7DEE00DF4142 /* Base */ = {isa = PBXFileReference; lastKnownFileType = file.storyboard; name = Base; path = Base.lproj/LaunchScreen.storyboard; sourceTree = "<group>"; };
		8BBE19A22C2E7DEE00DF4142 /* Info.plist */ = {isa = PBXFileReference; lastKnownFileType = text.plist.xml; path = Info.plist; sourceTree = "<group>"; };
		8BBE19A72C2E7DEE00DF4142 /* MovieDatabaseAppTests.xctest */ = {isa = PBXFileReference; explicitFileType = wrapper.cfbundle; includeInIndex = 0; path = MovieDatabaseAppTests.xctest; sourceTree = BUILT_PRODUCTS_DIR; };
		8BBE19AB2C2E7DEE00DF4142 /* MovieDatabaseAppTests.swift */ = {isa = PBXFileReference; lastKnownFileType = sourcecode.swift; path = MovieDatabaseAppTests.swift; sourceTree = "<group>"; };
		8BBE19B12C2E7DEE00DF4142 /* MovieDatabaseAppUITests.xctest */ = {isa = PBXFileReference; explicitFileType = wrapper.cfbundle; includeInIndex = 0; path = MovieDatabaseAppUITests.xctest; sourceTree = BUILT_PRODUCTS_DIR; };
		8BBE19B52C2E7DEE00DF4142 /* MovieDatabaseAppUITests.swift */ = {isa = PBXFileReference; lastKnownFileType = sourcecode.swift; path = MovieDatabaseAppUITests.swift; sourceTree = "<group>"; };
		8BBE19B72C2E7DEE00DF4142 /* MovieDatabaseAppUITestsLaunchTests.swift */ = {isa = PBXFileReference; lastKnownFileType = sourcecode.swift; path = MovieDatabaseAppUITestsLaunchTests.swift; sourceTree = "<group>"; };
		8BBE19C42C2E7E0100DF4142 /* movies.json */ = {isa = PBXFileReference; lastKnownFileType = text.json; path = movies.json; sourceTree = "<group>"; };
		8BBE19E32C31942300DF4142 /* MovieItem.swift */ = {isa = PBXFileReference; lastKnownFileType = sourcecode.swift; path = MovieItem.swift; sourceTree = "<group>"; };
		8BBE19F12C31C38D00DF4142 /* NormalTableViewCell.swift */ = {isa = PBXFileReference; lastKnownFileType = sourcecode.swift; path = NormalTableViewCell.swift; sourceTree = "<group>"; };
		8BBE19F22C31C38D00DF4142 /* NormalTableViewCell.xib */ = {isa = PBXFileReference; lastKnownFileType = file.xib; path = NormalTableViewCell.xib; sourceTree = "<group>"; };
		8BBE19F52C31C3BC00DF4142 /* MovieItemTableViewCell.swift */ = {isa = PBXFileReference; lastKnownFileType = sourcecode.swift; path = MovieItemTableViewCell.swift; sourceTree = "<group>"; };
		8BBE19F62C31C3BC00DF4142 /* MovieItemTableViewCell.xib */ = {isa = PBXFileReference; lastKnownFileType = file.xib; path = MovieItemTableViewCell.xib; sourceTree = "<group>"; };
		8BBE19F92C32730F00DF4142 /* DetailTableViewCell.swift */ = {isa = PBXFileReference; lastKnownFileType = sourcecode.swift; path = DetailTableViewCell.swift; sourceTree = "<group>"; };
		8BBE19FA2C32730F00DF4142 /* DetailTableViewCell.xib */ = {isa = PBXFileReference; lastKnownFileType = file.xib; path = DetailTableViewCell.xib; sourceTree = "<group>"; };
		8BBE19FD2C32812700DF4142 /* DetailViewController.swift */ = {isa = PBXFileReference; lastKnownFileType = sourcecode.swift; path = DetailViewController.swift; sourceTree = "<group>"; };
		ADD3E94C4ADAF508CE5094A4 /* Pods-MovieDatabaseApp-MovieDatabaseAppUITests.release.xcconfig */ = {isa = PBXFileReference; includeInIndex = 1; lastKnownFileType = text.xcconfig; name = "Pods-MovieDatabaseApp-MovieDatabaseAppUITests.release.xcconfig"; path = "Target Support Files/Pods-MovieDatabaseApp-MovieDatabaseAppUITests/Pods-MovieDatabaseApp-MovieDatabaseAppUITests.release.xcconfig"; sourceTree = "<group>"; };
		C1F1472B201EAF5BA5C2AB67 /* Pods-MovieDatabaseAppTests.release.xcconfig */ = {isa = PBXFileReference; includeInIndex = 1; lastKnownFileType = text.xcconfig; name = "Pods-MovieDatabaseAppTests.release.xcconfig"; path = "Target Support Files/Pods-MovieDatabaseAppTests/Pods-MovieDatabaseAppTests.release.xcconfig"; sourceTree = "<group>"; };
		DECE66B7CDBA3DBF5A16DE64 /* Pods_MovieDatabaseApp.framework */ = {isa = PBXFileReference; explicitFileType = wrapper.framework; includeInIndex = 0; path = Pods_MovieDatabaseApp.framework; sourceTree = BUILT_PRODUCTS_DIR; };
		E4471F341952AFC9C054FCB8 /* Pods-MovieDatabaseApp-MovieDatabaseAppUITests.debug.xcconfig */ = {isa = PBXFileReference; includeInIndex = 1; lastKnownFileType = text.xcconfig; name = "Pods-MovieDatabaseApp-MovieDatabaseAppUITests.debug.xcconfig"; path = "Target Support Files/Pods-MovieDatabaseApp-MovieDatabaseAppUITests/Pods-MovieDatabaseApp-MovieDatabaseAppUITests.debug.xcconfig"; sourceTree = "<group>"; };
/* End PBXFileReference section */

/* Begin PBXFrameworksBuildPhase section */
		8BBE198E2C2E7DED00DF4142 /* Frameworks */ = {
			isa = PBXFrameworksBuildPhase;
			buildActionMask = 2147483647;
			files = (
				97AF52C6F6D898C1FF491D5D /* Pods_MovieDatabaseApp.framework in Frameworks */,
			);
			runOnlyForDeploymentPostprocessing = 0;
		};
		8BBE19A42C2E7DEE00DF4142 /* Frameworks */ = {
			isa = PBXFrameworksBuildPhase;
			buildActionMask = 2147483647;
			files = (
				AE2831B27E87DBAFEF91E2E7 /* Pods_MovieDatabaseAppTests.framework in Frameworks */,
			);
			runOnlyForDeploymentPostprocessing = 0;
		};
		8BBE19AE2C2E7DEE00DF4142 /* Frameworks */ = {
			isa = PBXFrameworksBuildPhase;
			buildActionMask = 2147483647;
			files = (
				571815E52F2D85E172CC1328 /* Pods_MovieDatabaseApp_MovieDatabaseAppUITests.framework in Frameworks */,
			);
			runOnlyForDeploymentPostprocessing = 0;
		};
/* End PBXFrameworksBuildPhase section */

/* Begin PBXGroup section */
		149300D9794A30DD64C9BFEF /* Frameworks */ = {
			isa = PBXGroup;
			children = (
				DECE66B7CDBA3DBF5A16DE64 /* Pods_MovieDatabaseApp.framework */,
				0DB87C6B54CC4C03C0B9769B /* Pods_MovieDatabaseApp_MovieDatabaseAppUITests.framework */,
				41F0FCD11220ADAF36C00DA0 /* Pods_MovieDatabaseAppTests.framework */,
			);
			name = Frameworks;
			sourceTree = "<group>";
		};
		6AD358F3F1ED903AD60B4300 /* Pods */ = {
			isa = PBXGroup;
			children = (
				59D2E3C431A2485F4892B3FB /* Pods-MovieDatabaseApp.debug.xcconfig */,
				5107036C70C0E8A3DA3A4B4D /* Pods-MovieDatabaseApp.release.xcconfig */,
				E4471F341952AFC9C054FCB8 /* Pods-MovieDatabaseApp-MovieDatabaseAppUITests.debug.xcconfig */,
				ADD3E94C4ADAF508CE5094A4 /* Pods-MovieDatabaseApp-MovieDatabaseAppUITests.release.xcconfig */,
				0394557C3A2CB08DFF891B8F /* Pods-MovieDatabaseAppTests.debug.xcconfig */,
				C1F1472B201EAF5BA5C2AB67 /* Pods-MovieDatabaseAppTests.release.xcconfig */,
			);
			path = Pods;
			sourceTree = "<group>";
		};
		8BBE19882C2E7DED00DF4142 = {
			isa = PBXGroup;
			children = (
				8BBE19932C2E7DED00DF4142 /* MovieDatabaseApp */,
				8BBE19AA2C2E7DEE00DF4142 /* MovieDatabaseAppTests */,
				8BBE19B42C2E7DEE00DF4142 /* MovieDatabaseAppUITests */,
				8BBE19922C2E7DED00DF4142 /* Products */,
				6AD358F3F1ED903AD60B4300 /* Pods */,
				149300D9794A30DD64C9BFEF /* Frameworks */,
			);
			sourceTree = "<group>";
		};
		8BBE19922C2E7DED00DF4142 /* Products */ = {
			isa = PBXGroup;
			children = (
				8BBE19912C2E7DED00DF4142 /* MovieDatabaseApp.app */,
				8BBE19A72C2E7DEE00DF4142 /* MovieDatabaseAppTests.xctest */,
				8BBE19B12C2E7DEE00DF4142 /* MovieDatabaseAppUITests.xctest */,
			);
			name = Products;
			sourceTree = "<group>";
		};
		8BBE19932C2E7DED00DF4142 /* MovieDatabaseApp */ = {
			isa = PBXGroup;
			children = (
				8BBE19942C2E7DED00DF4142 /* AppDelegate.swift */,
				8BBE19962C2E7DED00DF4142 /* SceneDelegate.swift */,
				8BBE19982C2E7DED00DF4142 /* ViewController.swift */,
				8BBE19F12C31C38D00DF4142 /* NormalTableViewCell.swift */,
				8BBE19F22C31C38D00DF4142 /* NormalTableViewCell.xib */,
				8BBE19F52C31C3BC00DF4142 /* MovieItemTableViewCell.swift */,
				8BBE19F62C31C3BC00DF4142 /* MovieItemTableViewCell.xib */,
				8BBE19FD2C32812700DF4142 /* DetailViewController.swift */,
				8BBE19F92C32730F00DF4142 /* DetailTableViewCell.swift */,
				8BBE19FA2C32730F00DF4142 /* DetailTableViewCell.xib */,
				8BBE199A2C2E7DED00DF4142 /* Main.storyboard */,
				8BBE199D2C2E7DEE00DF4142 /* Assets.xcassets */,
				8BBE199F2C2E7DEE00DF4142 /* LaunchScreen.storyboard */,
				8BBE19A22C2E7DEE00DF4142 /* Info.plist */,
				8BBE19C42C2E7E0100DF4142 /* movies.json */,
				8BBE19E32C31942300DF4142 /* MovieItem.swift */,
			);
			path = MovieDatabaseApp;
			sourceTree = "<group>";
		};
		8BBE19AA2C2E7DEE00DF4142 /* MovieDatabaseAppTests */ = {
			isa = PBXGroup;
			children = (
				8BBE19AB2C2E7DEE00DF4142 /* MovieDatabaseAppTests.swift */,
			);
			path = MovieDatabaseAppTests;
			sourceTree = "<group>";
		};
		8BBE19B42C2E7DEE00DF4142 /* MovieDatabaseAppUITests */ = {
			isa = PBXGroup;
			children = (
				8BBE19B52C2E7DEE00DF4142 /* MovieDatabaseAppUITests.swift */,
				8BBE19B72C2E7DEE00DF4142 /* MovieDatabaseAppUITestsLaunchTests.swift */,
			);
			path = MovieDatabaseAppUITests;
			sourceTree = "<group>";
		};
/* End PBXGroup section */

/* Begin PBXNativeTarget section */
		8BBE19902C2E7DED00DF4142 /* MovieDatabaseApp */ = {
			isa = PBXNativeTarget;
			buildConfigurationList = 8BBE19BB2C2E7DEE00DF4142 /* Build configuration list for PBXNativeTarget "MovieDatabaseApp" */;
			buildPhases = (
				A4091ED28BCB417BEA4F9251 /* [CP] Check Pods Manifest.lock */,
				8BBE198D2C2E7DED00DF4142 /* Sources */,
				8BBE198E2C2E7DED00DF4142 /* Frameworks */,
				8BBE198F2C2E7DED00DF4142 /* Resources */,
				E7CEF2BE3BF338DBA151A963 /* [CP] Embed Pods Frameworks */,
			);
			buildRules = (
			);
			dependencies = (
			);
			name = MovieDatabaseApp;
			productName = MovieDatabaseApp;
			productReference = 8BBE19912C2E7DED00DF4142 /* MovieDatabaseApp.app */;
			productType = "com.apple.product-type.application";
		};
		8BBE19A62C2E7DEE00DF4142 /* MovieDatabaseAppTests */ = {
			isa = PBXNativeTarget;
			buildConfigurationList = 8BBE19BE2C2E7DEE00DF4142 /* Build configuration list for PBXNativeTarget "MovieDatabaseAppTests" */;
			buildPhases = (
				E4BF26D931B3B9E743CEE574 /* [CP] Check Pods Manifest.lock */,
				8BBE19A32C2E7DEE00DF4142 /* Sources */,
				8BBE19A42C2E7DEE00DF4142 /* Frameworks */,
				8BBE19A52C2E7DEE00DF4142 /* Resources */,
			);
			buildRules = (
			);
			dependencies = (
				8BBE19A92C2E7DEE00DF4142 /* PBXTargetDependency */,
			);
			name = MovieDatabaseAppTests;
			productName = MovieDatabaseAppTests;
			productReference = 8BBE19A72C2E7DEE00DF4142 /* MovieDatabaseAppTests.xctest */;
			productType = "com.apple.product-type.bundle.unit-test";
		};
		8BBE19B02C2E7DEE00DF4142 /* MovieDatabaseAppUITests */ = {
			isa = PBXNativeTarget;
			buildConfigurationList = 8BBE19C12C2E7DEE00DF4142 /* Build configuration list for PBXNativeTarget "MovieDatabaseAppUITests" */;
			buildPhases = (
				B12C582BD2676528C710A703 /* [CP] Check Pods Manifest.lock */,
				8BBE19AD2C2E7DEE00DF4142 /* Sources */,
				8BBE19AE2C2E7DEE00DF4142 /* Frameworks */,
				8BBE19AF2C2E7DEE00DF4142 /* Resources */,
				9799AB5C06C33D1798779EDB /* [CP] Embed Pods Frameworks */,
			);
			buildRules = (
			);
			dependencies = (
				8BBE19B32C2E7DEE00DF4142 /* PBXTargetDependency */,
			);
			name = MovieDatabaseAppUITests;
			productName = MovieDatabaseAppUITests;
			productReference = 8BBE19B12C2E7DEE00DF4142 /* MovieDatabaseAppUITests.xctest */;
			productType = "com.apple.product-type.bundle.ui-testing";
		};
/* End PBXNativeTarget section */

/* Begin PBXProject section */
		8BBE19892C2E7DED00DF4142 /* Project object */ = {
			isa = PBXProject;
			attributes = {
				BuildIndependentTargetsInParallel = 1;
				LastSwiftUpdateCheck = 1520;
				LastUpgradeCheck = 1520;
				TargetAttributes = {
					8BBE19902C2E7DED00DF4142 = {
						CreatedOnToolsVersion = 15.2;
					};
					8BBE19A62C2E7DEE00DF4142 = {
						CreatedOnToolsVersion = 15.2;
						TestTargetID = 8BBE19902C2E7DED00DF4142;
					};
					8BBE19B02C2E7DEE00DF4142 = {
						CreatedOnToolsVersion = 15.2;
						TestTargetID = 8BBE19902C2E7DED00DF4142;
					};
				};
			};
			buildConfigurationList = 8BBE198C2C2E7DED00DF4142 /* Build configuration list for PBXProject "MovieDatabaseApp" */;
			compatibilityVersion = "Xcode 14.0";
			developmentRegion = en;
			hasScannedForEncodings = 0;
			knownRegions = (
				en,
				Base,
			);
			mainGroup = 8BBE19882C2E7DED00DF4142;
			productRefGroup = 8BBE19922C2E7DED00DF4142 /* Products */;
			projectDirPath = "";
			projectRoot = "";
			targets = (
				8BBE19902C2E7DED00DF4142 /* MovieDatabaseApp */,
				8BBE19A62C2E7DEE00DF4142 /* MovieDatabaseAppTests */,
				8BBE19B02C2E7DEE00DF4142 /* MovieDatabaseAppUITests */,
			);
		};
/* End PBXProject section */

/* Begin PBXResourcesBuildPhase section */
		8BBE198F2C2E7DED00DF4142 /* Resources */ = {
			isa = PBXResourcesBuildPhase;
			buildActionMask = 2147483647;
			files = (
				8BBE19A12C2E7DEE00DF4142 /* LaunchScreen.storyboard in Resources */,
				8BBE199E2C2E7DEE00DF4142 /* Assets.xcassets in Resources */,
				8BBE19C62C2E815800DF4142 /* movies.json in Resources */,
				8BBE19F42C31C38D00DF4142 /* NormalTableViewCell.xib in Resources */,
				8BBE199C2C2E7DED00DF4142 /* Main.storyboard in Resources */,
				8BBE19FC2C32730F00DF4142 /* DetailTableViewCell.xib in Resources */,
				8BBE19F82C31C3BC00DF4142 /* MovieItemTableViewCell.xib in Resources */,
			);
			runOnlyForDeploymentPostprocessing = 0;
		};
		8BBE19A52C2E7DEE00DF4142 /* Resources */ = {
			isa = PBXResourcesBuildPhase;
			buildActionMask = 2147483647;
			files = (
			);
			runOnlyForDeploymentPostprocessing = 0;
		};
		8BBE19AF2C2E7DEE00DF4142 /* Resources */ = {
			isa = PBXResourcesBuildPhase;
			buildActionMask = 2147483647;
			files = (
			);
			runOnlyForDeploymentPostprocessing = 0;
		};
/* End PBXResourcesBuildPhase section */

/* Begin PBXShellScriptBuildPhase section */
		9799AB5C06C33D1798779EDB /* [CP] Embed Pods Frameworks */ = {
			isa = PBXShellScriptBuildPhase;
			buildActionMask = 2147483647;
			files = (
			);
			inputFileListPaths = (
				"${PODS_ROOT}/Target Support Files/Pods-MovieDatabaseApp-MovieDatabaseAppUITests/Pods-MovieDatabaseApp-MovieDatabaseAppUITests-frameworks-${CONFIGURATION}-input-files.xcfilelist",
			);
			name = "[CP] Embed Pods Frameworks";
			outputFileListPaths = (
				"${PODS_ROOT}/Target Support Files/Pods-MovieDatabaseApp-MovieDatabaseAppUITests/Pods-MovieDatabaseApp-MovieDatabaseAppUITests-frameworks-${CONFIGURATION}-output-files.xcfilelist",
			);
			runOnlyForDeploymentPostprocessing = 0;
			shellPath = /bin/sh;
			shellScript = "\"${PODS_ROOT}/Target Support Files/Pods-MovieDatabaseApp-MovieDatabaseAppUITests/Pods-MovieDatabaseApp-MovieDatabaseAppUITests-frameworks.sh\"\n";
			showEnvVarsInLog = 0;
		};
		A4091ED28BCB417BEA4F9251 /* [CP] Check Pods Manifest.lock */ = {
			isa = PBXShellScriptBuildPhase;
			buildActionMask = 2147483647;
			files = (
			);
			inputFileListPaths = (
			);
			inputPaths = (
				"${PODS_PODFILE_DIR_PATH}/Podfile.lock",
				"${PODS_ROOT}/Manifest.lock",
			);
			name = "[CP] Check Pods Manifest.lock";
			outputFileListPaths = (
			);
			outputPaths = (
				"$(DERIVED_FILE_DIR)/Pods-MovieDatabaseApp-checkManifestLockResult.txt",
			);
			runOnlyForDeploymentPostprocessing = 0;
			shellPath = /bin/sh;
			shellScript = "diff \"${PODS_PODFILE_DIR_PATH}/Podfile.lock\" \"${PODS_ROOT}/Manifest.lock\" > /dev/null\nif [ $? != 0 ] ; then\n    # print error to STDERR\n    echo \"error: The sandbox is not in sync with the Podfile.lock. Run 'pod install' or update your CocoaPods installation.\" >&2\n    exit 1\nfi\n# This output is used by Xcode 'outputs' to avoid re-running this script phase.\necho \"SUCCESS\" > \"${SCRIPT_OUTPUT_FILE_0}\"\n";
			showEnvVarsInLog = 0;
		};
		B12C582BD2676528C710A703 /* [CP] Check Pods Manifest.lock */ = {
			isa = PBXShellScriptBuildPhase;
			buildActionMask = 2147483647;
			files = (
			);
			inputFileListPaths = (
			);
			inputPaths = (
				"${PODS_PODFILE_DIR_PATH}/Podfile.lock",
				"${PODS_ROOT}/Manifest.lock",
			);
			name = "[CP] Check Pods Manifest.lock";
			outputFileListPaths = (
			);
			outputPaths = (
				"$(DERIVED_FILE_DIR)/Pods-MovieDatabaseApp-MovieDatabaseAppUITests-checkManifestLockResult.txt",
			);
			runOnlyForDeploymentPostprocessing = 0;
			shellPath = /bin/sh;
			shellScript = "diff \"${PODS_PODFILE_DIR_PATH}/Podfile.lock\" \"${PODS_ROOT}/Manifest.lock\" > /dev/null\nif [ $? != 0 ] ; then\n    # print error to STDERR\n    echo \"error: The sandbox is not in sync with the Podfile.lock. Run 'pod install' or update your CocoaPods installation.\" >&2\n    exit 1\nfi\n# This output is used by Xcode 'outputs' to avoid re-running this script phase.\necho \"SUCCESS\" > \"${SCRIPT_OUTPUT_FILE_0}\"\n";
			showEnvVarsInLog = 0;
		};
		E4BF26D931B3B9E743CEE574 /* [CP] Check Pods Manifest.lock */ = {
			isa = PBXShellScriptBuildPhase;
			buildActionMask = 2147483647;
			files = (
			);
			inputFileListPaths = (
			);
			inputPaths = (
				"${PODS_PODFILE_DIR_PATH}/Podfile.lock",
				"${PODS_ROOT}/Manifest.lock",
			);
			name = "[CP] Check Pods Manifest.lock";
			outputFileListPaths = (
			);
			outputPaths = (
				"$(DERIVED_FILE_DIR)/Pods-MovieDatabaseAppTests-checkManifestLockResult.txt",
			);
			runOnlyForDeploymentPostprocessing = 0;
			shellPath = /bin/sh;
			shellScript = "diff \"${PODS_PODFILE_DIR_PATH}/Podfile.lock\" \"${PODS_ROOT}/Manifest.lock\" > /dev/null\nif [ $? != 0 ] ; then\n    # print error to STDERR\n    echo \"error: The sandbox is not in sync with the Podfile.lock. Run 'pod install' or update your CocoaPods installation.\" >&2\n    exit 1\nfi\n# This output is used by Xcode 'outputs' to avoid re-running this script phase.\necho \"SUCCESS\" > \"${SCRIPT_OUTPUT_FILE_0}\"\n";
			showEnvVarsInLog = 0;
		};
		E7CEF2BE3BF338DBA151A963 /* [CP] Embed Pods Frameworks */ = {
			isa = PBXShellScriptBuildPhase;
			buildActionMask = 2147483647;
			files = (
			);
			inputFileListPaths = (
				"${PODS_ROOT}/Target Support Files/Pods-MovieDatabaseApp/Pods-MovieDatabaseApp-frameworks-${CONFIGURATION}-input-files.xcfilelist",
			);
			name = "[CP] Embed Pods Frameworks";
			outputFileListPaths = (
				"${PODS_ROOT}/Target Support Files/Pods-MovieDatabaseApp/Pods-MovieDatabaseApp-frameworks-${CONFIGURATION}-output-files.xcfilelist",
			);
			runOnlyForDeploymentPostprocessing = 0;
			shellPath = /bin/sh;
			shellScript = "\"${PODS_ROOT}/Target Support Files/Pods-MovieDatabaseApp/Pods-MovieDatabaseApp-frameworks.sh\"\n";
			showEnvVarsInLog = 0;
		};
/* End PBXShellScriptBuildPhase section */

/* Begin PBXSourcesBuildPhase section */
		8BBE198D2C2E7DED00DF4142 /* Sources */ = {
			isa = PBXSourcesBuildPhase;
			buildActionMask = 2147483647;
			files = (
				8BBE19992C2E7DED00DF4142 /* ViewController.swift in Sources */,
				8BBE19E42C31942300DF4142 /* MovieItem.swift in Sources */,
				8BBE19FB2C32730F00DF4142 /* DetailTableViewCell.swift in Sources */,
				8BBE19952C2E7DED00DF4142 /* AppDelegate.swift in Sources */,
				8BBE19972C2E7DED00DF4142 /* SceneDelegate.swift in Sources */,
				8BBE19F72C31C3BC00DF4142 /* MovieItemTableViewCell.swift in Sources */,
				8BBE19F32C31C38D00DF4142 /* NormalTableViewCell.swift in Sources */,
				8BBE19FE2C32812700DF4142 /* DetailViewController.swift in Sources */,
			);
			runOnlyForDeploymentPostprocessing = 0;
		};
		8BBE19A32C2E7DEE00DF4142 /* Sources */ = {
			isa = PBXSourcesBuildPhase;
			buildActionMask = 2147483647;
			files = (
				8BBE19AC2C2E7DEE00DF4142 /* MovieDatabaseAppTests.swift in Sources */,
			);
			runOnlyForDeploymentPostprocessing = 0;
		};
		8BBE19AD2C2E7DEE00DF4142 /* Sources */ = {
			isa = PBXSourcesBuildPhase;
			buildActionMask = 2147483647;
			files = (
				8BBE19B82C2E7DEE00DF4142 /* MovieDatabaseAppUITestsLaunchTests.swift in Sources */,
				8BBE19B62C2E7DEE00DF4142 /* MovieDatabaseAppUITests.swift in Sources */,
			);
			runOnlyForDeploymentPostprocessing = 0;
		};
/* End PBXSourcesBuildPhase section */

/* Begin PBXTargetDependency section */
		8BBE19A92C2E7DEE00DF4142 /* PBXTargetDependency */ = {
			isa = PBXTargetDependency;
			target = 8BBE19902C2E7DED00DF4142 /* MovieDatabaseApp */;
			targetProxy = 8BBE19A82C2E7DEE00DF4142 /* PBXContainerItemProxy */;
		};
		8BBE19B32C2E7DEE00DF4142 /* PBXTargetDependency */ = {
			isa = PBXTargetDependency;
			target = 8BBE19902C2E7DED00DF4142 /* MovieDatabaseApp */;
			targetProxy = 8BBE19B22C2E7DEE00DF4142 /* PBXContainerItemProxy */;
		};
/* End PBXTargetDependency section */

/* Begin PBXVariantGroup section */
		8BBE199A2C2E7DED00DF4142 /* Main.storyboard */ = {
			isa = PBXVariantGroup;
			children = (
				8BBE199B2C2E7DED00DF4142 /* Base */,
			);
			name = Main.storyboard;
			sourceTree = "<group>";
		};
		8BBE199F2C2E7DEE00DF4142 /* LaunchScreen.storyboard */ = {
			isa = PBXVariantGroup;
			children = (
				8BBE19A02C2E7DEE00DF4142 /* Base */,
			);
			name = LaunchScreen.storyboard;
			sourceTree = "<group>";
		};
/* End PBXVariantGroup section */

/* Begin XCBuildConfiguration section */
		8BBE19B92C2E7DEE00DF4142 /* Debug */ = {
			isa = XCBuildConfiguration;
			buildSettings = {
				ALWAYS_SEARCH_USER_PATHS = NO;
				ASSETCATALOG_COMPILER_GENERATE_SWIFT_ASSET_SYMBOL_EXTENSIONS = YES;
				CLANG_ANALYZER_NONNULL = YES;
				CLANG_ANALYZER_NUMBER_OBJECT_CONVERSION = YES_AGGRESSIVE;
				CLANG_CXX_LANGUAGE_STANDARD = "gnu++20";
				CLANG_ENABLE_MODULES = YES;
				CLANG_ENABLE_OBJC_ARC = YES;
				CLANG_ENABLE_OBJC_WEAK = YES;
				CLANG_WARN_BLOCK_CAPTURE_AUTORELEASING = YES;
				CLANG_WARN_BOOL_CONVERSION = YES;
				CLANG_WARN_COMMA = YES;
				CLANG_WARN_CONSTANT_CONVERSION = YES;
				CLANG_WARN_DEPRECATED_OBJC_IMPLEMENTATIONS = YES;
				CLANG_WARN_DIRECT_OBJC_ISA_USAGE = YES_ERROR;
				CLANG_WARN_DOCUMENTATION_COMMENTS = YES;
				CLANG_WARN_EMPTY_BODY = YES;
				CLANG_WARN_ENUM_CONVERSION = YES;
				CLANG_WARN_INFINITE_RECURSION = YES;
				CLANG_WARN_INT_CONVERSION = YES;
				CLANG_WARN_NON_LITERAL_NULL_CONVERSION = YES;
				CLANG_WARN_OBJC_IMPLICIT_RETAIN_SELF = YES;
				CLANG_WARN_OBJC_LITERAL_CONVERSION = YES;
				CLANG_WARN_OBJC_ROOT_CLASS = YES_ERROR;
				CLANG_WARN_QUOTED_INCLUDE_IN_FRAMEWORK_HEADER = YES;
				CLANG_WARN_RANGE_LOOP_ANALYSIS = YES;
				CLANG_WARN_STRICT_PROTOTYPES = YES;
				CLANG_WARN_SUSPICIOUS_MOVE = YES;
				CLANG_WARN_UNGUARDED_AVAILABILITY = YES_AGGRESSIVE;
				CLANG_WARN_UNREACHABLE_CODE = YES;
				CLANG_WARN__DUPLICATE_METHOD_MATCH = YES;
				COPY_PHASE_STRIP = NO;
				DEBUG_INFORMATION_FORMAT = dwarf;
				ENABLE_STRICT_OBJC_MSGSEND = YES;
				ENABLE_TESTABILITY = YES;
				ENABLE_USER_SCRIPT_SANDBOXING = YES;
				GCC_C_LANGUAGE_STANDARD = gnu17;
				GCC_DYNAMIC_NO_PIC = NO;
				GCC_NO_COMMON_BLOCKS = YES;
				GCC_OPTIMIZATION_LEVEL = 0;
				GCC_PREPROCESSOR_DEFINITIONS = (
					"DEBUG=1",
					"$(inherited)",
				);
				GCC_WARN_64_TO_32_BIT_CONVERSION = YES;
				GCC_WARN_ABOUT_RETURN_TYPE = YES_ERROR;
				GCC_WARN_UNDECLARED_SELECTOR = YES;
				GCC_WARN_UNINITIALIZED_AUTOS = YES_AGGRESSIVE;
				GCC_WARN_UNUSED_FUNCTION = YES;
				GCC_WARN_UNUSED_VARIABLE = YES;
				IPHONEOS_DEPLOYMENT_TARGET = 17.2;
				LOCALIZATION_PREFERS_STRING_CATALOGS = YES;
				MTL_ENABLE_DEBUG_INFO = INCLUDE_SOURCE;
				MTL_FAST_MATH = YES;
				ONLY_ACTIVE_ARCH = YES;
				SDKROOT = iphoneos;
				SWIFT_ACTIVE_COMPILATION_CONDITIONS = "DEBUG $(inherited)";
				SWIFT_OPTIMIZATION_LEVEL = "-Onone";
			};
			name = Debug;
		};
		8BBE19BA2C2E7DEE00DF4142 /* Release */ = {
			isa = XCBuildConfiguration;
			buildSettings = {
				ALWAYS_SEARCH_USER_PATHS = NO;
				ASSETCATALOG_COMPILER_GENERATE_SWIFT_ASSET_SYMBOL_EXTENSIONS = YES;
				CLANG_ANALYZER_NONNULL = YES;
				CLANG_ANALYZER_NUMBER_OBJECT_CONVERSION = YES_AGGRESSIVE;
				CLANG_CXX_LANGUAGE_STANDARD = "gnu++20";
				CLANG_ENABLE_MODULES = YES;
				CLANG_ENABLE_OBJC_ARC = YES;
				CLANG_ENABLE_OBJC_WEAK = YES;
				CLANG_WARN_BLOCK_CAPTURE_AUTORELEASING = YES;
				CLANG_WARN_BOOL_CONVERSION = YES;
				CLANG_WARN_COMMA = YES;
				CLANG_WARN_CONSTANT_CONVERSION = YES;
				CLANG_WARN_DEPRECATED_OBJC_IMPLEMENTATIONS = YES;
				CLANG_WARN_DIRECT_OBJC_ISA_USAGE = YES_ERROR;
				CLANG_WARN_DOCUMENTATION_COMMENTS = YES;
				CLANG_WARN_EMPTY_BODY = YES;
				CLANG_WARN_ENUM_CONVERSION = YES;
				CLANG_WARN_INFINITE_RECURSION = YES;
				CLANG_WARN_INT_CONVERSION = YES;
				CLANG_WARN_NON_LITERAL_NULL_CONVERSION = YES;
				CLANG_WARN_OBJC_IMPLICIT_RETAIN_SELF = YES;
				CLANG_WARN_OBJC_LITERAL_CONVERSION = YES;
				CLANG_WARN_OBJC_ROOT_CLASS = YES_ERROR;
				CLANG_WARN_QUOTED_INCLUDE_IN_FRAMEWORK_HEADER = YES;
				CLANG_WARN_RANGE_LOOP_ANALYSIS = YES;
				CLANG_WARN_STRICT_PROTOTYPES = YES;
				CLANG_WARN_SUSPICIOUS_MOVE = YES;
				CLANG_WARN_UNGUARDED_AVAILABILITY = YES_AGGRESSIVE;
				CLANG_WARN_UNREACHABLE_CODE = YES;
				CLANG_WARN__DUPLICATE_METHOD_MATCH = YES;
				COPY_PHASE_STRIP = NO;
				DEBUG_INFORMATION_FORMAT = "dwarf-with-dsym";
				ENABLE_NS_ASSERTIONS = NO;
				ENABLE_STRICT_OBJC_MSGSEND = YES;
				ENABLE_USER_SCRIPT_SANDBOXING = YES;
				GCC_C_LANGUAGE_STANDARD = gnu17;
				GCC_NO_COMMON_BLOCKS = YES;
				GCC_WARN_64_TO_32_BIT_CONVERSION = YES;
				GCC_WARN_ABOUT_RETURN_TYPE = YES_ERROR;
				GCC_WARN_UNDECLARED_SELECTOR = YES;
				GCC_WARN_UNINITIALIZED_AUTOS = YES_AGGRESSIVE;
				GCC_WARN_UNUSED_FUNCTION = YES;
				GCC_WARN_UNUSED_VARIABLE = YES;
				IPHONEOS_DEPLOYMENT_TARGET = 17.2;
				LOCALIZATION_PREFERS_STRING_CATALOGS = YES;
				MTL_ENABLE_DEBUG_INFO = NO;
				MTL_FAST_MATH = YES;
				SDKROOT = iphoneos;
				SWIFT_COMPILATION_MODE = wholemodule;
				VALIDATE_PRODUCT = YES;
			};
			name = Release;
		};
		8BBE19BC2C2E7DEE00DF4142 /* Debug */ = {
			isa = XCBuildConfiguration;
			baseConfigurationReference = 59D2E3C431A2485F4892B3FB /* Pods-MovieDatabaseApp.debug.xcconfig */;
			buildSettings = {
				ASSETCATALOG_COMPILER_APPICON_NAME = AppIcon;
				ASSETCATALOG_COMPILER_GLOBAL_ACCENT_COLOR_NAME = AccentColor;
				CODE_SIGN_STYLE = Automatic;
				CURRENT_PROJECT_VERSION = 1;
				ENABLE_USER_SCRIPT_SANDBOXING = NO;
				GENERATE_INFOPLIST_FILE = YES;
				INFOPLIST_FILE = MovieDatabaseApp/Info.plist;
				INFOPLIST_KEY_UIApplicationSupportsIndirectInputEvents = YES;
				INFOPLIST_KEY_UILaunchStoryboardName = LaunchScreen;
				INFOPLIST_KEY_UIMainStoryboardFile = Main;
				INFOPLIST_KEY_UISupportedInterfaceOrientations_iPad = "UIInterfaceOrientationPortrait UIInterfaceOrientationPortraitUpsideDown UIInterfaceOrientationLandscapeLeft UIInterfaceOrientationLandscapeRight";
				INFOPLIST_KEY_UISupportedInterfaceOrientations_iPhone = "UIInterfaceOrientationPortrait UIInterfaceOrientationLandscapeLeft UIInterfaceOrientationLandscapeRight";
				LD_RUNPATH_SEARCH_PATHS = (
					"$(inherited)",
					"@executable_path/Frameworks",
				);
				MARKETING_VERSION = 1.0;
				PRODUCT_BUNDLE_IDENTIFIER = test.MovieDatabaseApp;
				PRODUCT_NAME = "$(TARGET_NAME)";
				SWIFT_EMIT_LOC_STRINGS = YES;
				SWIFT_VERSION = 5.0;
				TARGETED_DEVICE_FAMILY = "1,2";
			};
			name = Debug;
		};
		8BBE19BD2C2E7DEE00DF4142 /* Release */ = {
			isa = XCBuildConfiguration;
			baseConfigurationReference = 5107036C70C0E8A3DA3A4B4D /* Pods-MovieDatabaseApp.release.xcconfig */;
			buildSettings = {
				ASSETCATALOG_COMPILER_APPICON_NAME = AppIcon;
				ASSETCATALOG_COMPILER_GLOBAL_ACCENT_COLOR_NAME = AccentColor;
				CODE_SIGN_STYLE = Automatic;
				CURRENT_PROJECT_VERSION = 1;
				ENABLE_USER_SCRIPT_SANDBOXING = NO;
				GENERATE_INFOPLIST_FILE = YES;
				INFOPLIST_FILE = MovieDatabaseApp/Info.plist;
				INFOPLIST_KEY_UIApplicationSupportsIndirectInputEvents = YES;
				INFOPLIST_KEY_UILaunchStoryboardName = LaunchScreen;
				INFOPLIST_KEY_UIMainStoryboardFile = Main;
				INFOPLIST_KEY_UISupportedInterfaceOrientations_iPad = "UIInterfaceOrientationPortrait UIInterfaceOrientationPortraitUpsideDown UIInterfaceOrientationLandscapeLeft UIInterfaceOrientationLandscapeRight";
				INFOPLIST_KEY_UISupportedInterfaceOrientations_iPhone = "UIInterfaceOrientationPortrait UIInterfaceOrientationLandscapeLeft UIInterfaceOrientationLandscapeRight";
				LD_RUNPATH_SEARCH_PATHS = (
					"$(inherited)",
					"@executable_path/Frameworks",
				);
				MARKETING_VERSION = 1.0;
				PRODUCT_BUNDLE_IDENTIFIER = test.MovieDatabaseApp;
				PRODUCT_NAME = "$(TARGET_NAME)";
				SWIFT_EMIT_LOC_STRINGS = YES;
				SWIFT_VERSION = 5.0;
				TARGETED_DEVICE_FAMILY = "1,2";
			};
			name = Release;
		};
		8BBE19BF2C2E7DEE00DF4142 /* Debug */ = {
			isa = XCBuildConfiguration;
			baseConfigurationReference = 0394557C3A2CB08DFF891B8F /* Pods-MovieDatabaseAppTests.debug.xcconfig */;
			buildSettings = {
				ALWAYS_EMBED_SWIFT_STANDARD_LIBRARIES = YES;
				BUNDLE_LOADER = "$(TEST_HOST)";
				CODE_SIGN_STYLE = Automatic;
				CURRENT_PROJECT_VERSION = 1;
				GENERATE_INFOPLIST_FILE = YES;
				IPHONEOS_DEPLOYMENT_TARGET = 17.2;
				MARKETING_VERSION = 1.0;
				PRODUCT_BUNDLE_IDENTIFIER = test.MovieDatabaseAppTests;
				PRODUCT_NAME = "$(TARGET_NAME)";
				SWIFT_EMIT_LOC_STRINGS = NO;
				SWIFT_VERSION = 5.0;
				TARGETED_DEVICE_FAMILY = "1,2";
				TEST_HOST = "$(BUILT_PRODUCTS_DIR)/MovieDatabaseApp.app/$(BUNDLE_EXECUTABLE_FOLDER_PATH)/MovieDatabaseApp";
			};
			name = Debug;
		};
		8BBE19C02C2E7DEE00DF4142 /* Release */ = {
			isa = XCBuildConfiguration;
			baseConfigurationReference = C1F1472B201EAF5BA5C2AB67 /* Pods-MovieDatabaseAppTests.release.xcconfig */;
			buildSettings = {
				ALWAYS_EMBED_SWIFT_STANDARD_LIBRARIES = YES;
				BUNDLE_LOADER = "$(TEST_HOST)";
				CODE_SIGN_STYLE = Automatic;
				CURRENT_PROJECT_VERSION = 1;
				GENERATE_INFOPLIST_FILE = YES;
				IPHONEOS_DEPLOYMENT_TARGET = 17.2;
				MARKETING_VERSION = 1.0;
				PRODUCT_BUNDLE_IDENTIFIER = test.MovieDatabaseAppTests;
				PRODUCT_NAME = "$(TARGET_NAME)";
				SWIFT_EMIT_LOC_STRINGS = NO;
				SWIFT_VERSION = 5.0;
				TARGETED_DEVICE_FAMILY = "1,2";
				TEST_HOST = "$(BUILT_PRODUCTS_DIR)/MovieDatabaseApp.app/$(BUNDLE_EXECUTABLE_FOLDER_PATH)/MovieDatabaseApp";
			};
			name = Release;
		};
		8BBE19C22C2E7DEE00DF4142 /* Debug */ = {
			isa = XCBuildConfiguration;
			baseConfigurationReference = E4471F341952AFC9C054FCB8 /* Pods-MovieDatabaseApp-MovieDatabaseAppUITests.debug.xcconfig */;
			buildSettings = {
				ALWAYS_EMBED_SWIFT_STANDARD_LIBRARIES = YES;
				CODE_SIGN_STYLE = Automatic;
				CURRENT_PROJECT_VERSION = 1;
				GENERATE_INFOPLIST_FILE = YES;
				MARKETING_VERSION = 1.0;
				PRODUCT_BUNDLE_IDENTIFIER = test.MovieDatabaseAppUITests;
				PRODUCT_NAME = "$(TARGET_NAME)";
				SWIFT_EMIT_LOC_STRINGS = NO;
				SWIFT_VERSION = 5.0;
				TARGETED_DEVICE_FAMILY = "1,2";
				TEST_TARGET_NAME = MovieDatabaseApp;
			};
			name = Debug;
		};
		8BBE19C32C2E7DEE00DF4142 /* Release */ = {
			isa = XCBuildConfiguration;
			baseConfigurationReference = ADD3E94C4ADAF508CE5094A4 /* Pods-MovieDatabaseApp-MovieDatabaseAppUITests.release.xcconfig */;
			buildSettings = {
				ALWAYS_EMBED_SWIFT_STANDARD_LIBRARIES = YES;
				CODE_SIGN_STYLE = Automatic;
				CURRENT_PROJECT_VERSION = 1;
				GENERATE_INFOPLIST_FILE = YES;
				MARKETING_VERSION = 1.0;
				PRODUCT_BUNDLE_IDENTIFIER = test.MovieDatabaseAppUITests;
				PRODUCT_NAME = "$(TARGET_NAME)";
				SWIFT_EMIT_LOC_STRINGS = NO;
				SWIFT_VERSION = 5.0;
				TARGETED_DEVICE_FAMILY = "1,2";
				TEST_TARGET_NAME = MovieDatabaseApp;
			};
			name = Release;
		};
/* End XCBuildConfiguration section */

/* Begin XCConfigurationList section */
		8BBE198C2C2E7DED00DF4142 /* Build configuration list for PBXProject "MovieDatabaseApp" */ = {
			isa = XCConfigurationList;
			buildConfigurations = (
				8BBE19B92C2E7DEE00DF4142 /* Debug */,
				8BBE19BA2C2E7DEE00DF4142 /* Release */,
			);
			defaultConfigurationIsVisible = 0;
			defaultConfigurationName = Release;
		};
		8BBE19BB2C2E7DEE00DF4142 /* Build configuration list for PBXNativeTarget "MovieDatabaseApp" */ = {
			isa = XCConfigurationList;
			buildConfigurations = (
				8BBE19BC2C2E7DEE00DF4142 /* Debug */,
				8BBE19BD2C2E7DEE00DF4142 /* Release */,
			);
			defaultConfigurationIsVisible = 0;
			defaultConfigurationName = Release;
		};
		8BBE19BE2C2E7DEE00DF4142 /* Build configuration list for PBXNativeTarget "MovieDatabaseAppTests" */ = {
			isa = XCConfigurationList;
			buildConfigurations = (
				8BBE19BF2C2E7DEE00DF4142 /* Debug */,
				8BBE19C02C2E7DEE00DF4142 /* Release */,
			);
			defaultConfigurationIsVisible = 0;
			defaultConfigurationName = Release;
		};
		8BBE19C12C2E7DEE00DF4142 /* Build configuration list for PBXNativeTarget "MovieDatabaseAppUITests" */ = {
			isa = XCConfigurationList;
			buildConfigurations = (
				8BBE19C22C2E7DEE00DF4142 /* Debug */,
				8BBE19C32C2E7DEE00DF4142 /* Release */,
			);
			defaultConfigurationIsVisible = 0;
			defaultConfigurationName = Release;
		};
/* End XCConfigurationList section */
	};
	rootObject = 8BBE19892C2E7DED00DF4142 /* Project object */;
}
